hash: dc3db07d514e560b8bfc064b285f97276972d6c92c6ade9d2df8eaefc7b1101d
updated: 2016-11-29T05:02:11.267228117Z
imports:
- name: github.com/golang/protobuf
  version: df1d3ca07d2d07bba352d5b73c4313b4e2a6203e
  subpackages:
  - proto
  - jsonpb
  - protoc-gen-go/descriptor
- name: github.com/grpc-ecosystem/grpc-gateway
  version: a8f25bd1ab549f8b87afd48aa9181221e9d439bb
  subpackages:
  - protoc-gen-grpc-gateway
  - protoc-gen-swagger
  - runtime
  - third_party/googleapis/google/api
  - utilities
  - runtime/internal
- name: github.com/soheilhy/cmux
  version: bf4a8ede9e87c006fe1d4278c6c7f2b8be1fa84c
- name: golang.org/x/net
  version: cd95c68ba21fc7ee16ee38cc420473e3d8c4afd8
  subpackages:
  - context
  - http2
  - trace
  - http2/hpack
  - idna
  - lex/httplex
  - internal/timeseries
- name: google.golang.org/grpc
  version: 777daa17ff9b5daef1cfdf915088a2ada3332bf0
  subpackages:
  - codes
  - grpclog
  - credentials
  - internal
  - metadata
  - naming
  - transport
  - peer
testImports: []
